
Microsoft Visual Studio Solution File, Format Version 12.00
# Visual Studio Version 16
VisualStudioVersion = 16.0.31729.503
MinimumVisualStudioVersion = 10.0.40219.1
Project("{9A19103F-16F7-4668-BE54-9A1E7A4F7556}") = "RubricaTelefonica.ConsoleApp", "RubricaTelefonica.ConsoleApp.csproj", "{56167BBE-C8E9-44F8-B1EC-9E853C6ED0D8}"
EndProject
Project("{FAE04EC0-301F-11D3-BF4B-00C04F79EFBC}") = "RubricaTelefonica.Core", "..\RubricaTelefonica.Core\RubricaTelefonica.Core.csproj", "{70C51F52-0061-46A6-AC16-D9362A5FF6E6}"
EndProject
Global
	GlobalSection(SolutionConfigurationPlatforms) = preSolution
		Debug|Any CPU = Debug|Any CPU
		Release|Any CPU = Release|Any CPU
	EndGlobalSection
	GlobalSection(ProjectConfigurationPlatforms) = postSolution
		{56167BBE-C8E9-44F8-B1EC-9E853C6ED0D8}.Debug|Any CPU.ActiveCfg = Debug|Any CPU
		{56167BBE-C8E9-44F8-B1EC-9E853C6ED0D8}.Debug|Any CPU.Build.0 = Debug|Any CPU
		{56167BBE-C8E9-44F8-B1EC-9E853C6ED0D8}.Release|Any CPU.ActiveCfg = Release|Any CPU
		{56167BBE-C8E9-44F8-B1EC-9E853C6ED0D8}.Release|Any CPU.Build.0 = Release|Any CPU
		{70C51F52-0061-46A6-AC16-D9362A5FF6E6}.Debug|Any CPU.ActiveCfg = Debug|Any CPU
		{70C51F52-0061-46A6-AC16-D9362A5FF6E6}.Debug|Any CPU.Build.0 = Debug|Any CPU
		{70C51F52-0061-46A6-AC16-D9362A5FF6E6}.Release|Any CPU.ActiveCfg = Release|Any CPU
		{70C51F52-0061-46A6-AC16-D9362A5FF6E6}.Release|Any CPU.Build.0 = Release|Any CPU
	EndGlobalSection
	GlobalSection(SolutionProperties) = preSolution
		HideSolutionNode = FALSE
	EndGlobalSection
	GlobalSection(ExtensibilityGlobals) = postSolution
		SolutionGuid = {B2E46012-F971-4579-89DF-45BCB7957A87}
	EndGlobalSection
EndGlobal
